
Microsoft Visual Studio Solution File, Format Version 12.00
# Visual Studio 2012
Project("{FAE04EC0-301F-11D3-BF4B-00C04F79EFBC}") = "WeeklyChallenges", "WeeklyChallenges\WeeklyChallenges.csproj", "{DF2E7AF4-542C-4CB5-B32C-1A6402FB28FE}"
EndProject
Global
	GlobalSection(SolutionConfigurationPlatforms) = preSolution
		Debug|Any CPU = Debug|Any CPU
		Release|Any CPU = Release|Any CPU
	EndGlobalSection
	GlobalSection(ProjectConfigurationPlatforms) = postSolution
		{DF2E7AF4-542C-4CB5-B32C-1A6402FB28FE}.Debug|Any CPU.ActiveCfg = Debug|Any CPU
		{DF2E7AF4-542C-4CB5-B32C-1A6402FB28FE}.Debug|Any CPU.Build.0 = Debug|Any CPU
		{DF2E7AF4-542C-4CB5-B32C-1A6402FB28FE}.Release|Any CPU.ActiveCfg = Release|Any CPU
		{DF2E7AF4-542C-4CB5-B32C-1A6402FB28FE}.Release|Any CPU.Build.0 = Release|Any CPU
	EndGlobalSection
EndGlobal
